
Microsoft Visual Studio Solution File, Format Version 12.00
# Visual Studio Version 16
VisualStudioVersion = 16.0.31702.278
MinimumVisualStudioVersion = 10.0.40219.1
Project("{FAE04EC0-301F-11D3-BF4B-00C04F79EFBC}") = "Mosaic", "Mosaic\Mosaic.csproj", "{74115D18-A757-4B39-8CC0-3096A4C94AEA}"
EndProject
Global
	GlobalSection(SolutionConfigurationPlatforms) = preSolution
		Debug|Any CPU = Debug|Any CPU
		Release|Any CPU = Release|Any CPU
	EndGlobalSection
	GlobalSection(ProjectConfigurationPlatforms) = postSolution
		{74115D18-A757-4B39-8CC0-3096A4C94AEA}.Debug|Any CPU.ActiveCfg = Debug|Any CPU
		{74115D18-A757-4B39-8CC0-3096A4C94AEA}.Debug|Any CPU.Build.0 = Debug|Any CPU
		{74115D18-A757-4B39-8CC0-3096A4C94AEA}.Release|Any CPU.ActiveCfg = Release|Any CPU
		{74115D18-A757-4B39-8CC0-3096A4C94AEA}.Release|Any CPU.Build.0 = Release|Any CPU
	EndGlobalSection
	GlobalSection(SolutionProperties) = preSolution
		HideSolutionNode = FALSE
	EndGlobalSection
	GlobalSection(ExtensibilityGlobals) = postSolution
		SolutionGuid = {A648F7BD-12C5-4996-97C2-0D10273B1CFB}
	EndGlobalSection
EndGlobal
