{
  "version": 1,
  "dependencies": {
    ".NETCoreApp,Version=v3.1": {
      "LibVLCSharp": {
        "type": "Direct",
        "requested": "[3.6.1, )",
        "resolved": "3.6.1",
        "contentHash": "hnu8orUMMpEx7ZjECGnpR5K3ccLuvj7YXCmYoyLrV3XOcvW90NU7sgp0GQzOcl66iJtcavjOhkz/IMaPKRNe5w=="
      },
      "Nerdbank.GitVersioning": {
        "type": "Direct",
        "requested": "[3.4.240, )",
        "resolved": "3.4.240",
        "contentHash": "OLVIcTEKZCyUbF7+h6Lm+gU9V7wT+PPpYZ7sGtz3GfjNoB84drKxRh5qLrbLV6tqD/YWvvXZH2DAbCSQilGSGA=="
      },
      "Newtonsoft.Json": {
        "type": "Direct",
        "requested": "[13.0.1, )",
        "resolved": "13.0.1",
        "contentHash": "ppPFpBcvxdsfUonNcvITKqLl3bqxWbDCZIzDWHzjpdAHRFfZe0Dw9HmA0+za13IdyrgJwpkDTDA9fHaxOrt20A=="
      }
    }
  }
}