{
  "version": 2,
  "dependencies": {
    "net8.0-windows10.0.19041": {
      "Microsoft.Windows.SDK.BuildTools": {
        "type": "Direct",
        "requested": "[10.0.26100.1742, )",
        "resolved": "10.0.26100.1742",
        "contentHash": "ypcHjr4KEi6xQhgClnbXoANHcyyX/QsC4Rky4igs6M4GiDa+weegPo8JuV/VMxqrZCV4zlqDsp2krgkN7ReAAg=="
      },
      "Microsoft.WindowsAppSDK": {
        "type": "Direct",
        "requested": "[1.7.250401001, )",
        "resolved": "1.7.250401001",
        "contentHash": "kPsJ2LZoo3Xs/6FtIWMZRGnQ2ZMx9zDa0ZpqRGz1qwZr0gwwlXZJTmngaA1Ym2AHmIa05NtX2jEE2He8CzfhTg==",
        "dependencies": {
          "Microsoft.Web.WebView2": "1.0.2903.40",
          "Microsoft.Windows.SDK.BuildTools": "10.0.22621.756"
        }
      },
      "Nerdbank.GitVersioning": {
        "type": "Direct",
        "requested": "[3.7.115, )",
        "resolved": "3.7.115",
        "contentHash": "EpXamaAdRfG/BMxGgvZlTM0npRnkmXUjAj8OdNKd17t4oN+2nvjdv/KnFmzOOMDqvlwB49UCwtOHJrAQTfUBtQ=="
      },
      "StyleCop.Analyzers": {
        "type": "Direct",
        "requested": "[1.2.0-beta.354, )",
        "resolved": "1.2.0-beta.354",
        "contentHash": "oDSJNxnEvIzAQTkpkc/FnJP4dQ7TV6fHMsI+2ckU5DOaMiwiEfh1fawMsSqz2bCoNwbTt9lS6MgYvyVKujNJoA==",
        "dependencies": {
          "StyleCop.Analyzers.Unstable": "1.2.0.354"
        }
      },
      "Microsoft.Web.WebView2": {
        "type": "Transitive",
        "resolved": "1.0.2903.40",
        "contentHash": "THrzYAnJgE3+cNH+9Epr44XjoZoRELdVpXlWGPs6K9C9G6TqyDfVCeVAR/Er8ljLitIUX5gaSkPsy9wRhD1sgQ=="
      },
      "StyleCop.Analyzers.Unstable": {
        "type": "Transitive",
        "resolved": "1.2.0.354",
        "contentHash": "/3RlM31XbJ02gaWh7dVumWOyMvGHswb/zygGJXd9oEJMRyyYc/HFJlAC5gBPxvi9cB4CMvIyyUTmZz5VLKwTvg=="
      }
    },
    "net8.0-windows10.0.19041/win-arm64": {
      "Microsoft.WindowsAppSDK": {
        "type": "Direct",
        "requested": "[1.7.250401001, )",
        "resolved": "1.7.250401001",
        "contentHash": "kPsJ2LZoo3Xs/6FtIWMZRGnQ2ZMx9zDa0ZpqRGz1qwZr0gwwlXZJTmngaA1Ym2AHmIa05NtX2jEE2He8CzfhTg==",
        "dependencies": {
          "Microsoft.Web.WebView2": "1.0.2903.40",
          "Microsoft.Windows.SDK.BuildTools": "10.0.22621.756"
        }
      },
      "Microsoft.Web.WebView2": {
        "type": "Transitive",
        "resolved": "1.0.2903.40",
        "contentHash": "THrzYAnJgE3+cNH+9Epr44XjoZoRELdVpXlWGPs6K9C9G6TqyDfVCeVAR/Er8ljLitIUX5gaSkPsy9wRhD1sgQ=="
      }
    },
    "net8.0-windows10.0.19041/win-x64": {
      "Microsoft.WindowsAppSDK": {
        "type": "Direct",
        "requested": "[1.7.250401001, )",
        "resolved": "1.7.250401001",
        "contentHash": "kPsJ2LZoo3Xs/6FtIWMZRGnQ2ZMx9zDa0ZpqRGz1qwZr0gwwlXZJTmngaA1Ym2AHmIa05NtX2jEE2He8CzfhTg==",
        "dependencies": {
          "Microsoft.Web.WebView2": "1.0.2903.40",
          "Microsoft.Windows.SDK.BuildTools": "10.0.22621.756"
        }
      },
      "Microsoft.Web.WebView2": {
        "type": "Transitive",
        "resolved": "1.0.2903.40",
        "contentHash": "THrzYAnJgE3+cNH+9Epr44XjoZoRELdVpXlWGPs6K9C9G6TqyDfVCeVAR/Er8ljLitIUX5gaSkPsy9wRhD1sgQ=="
      }
    },
    "net8.0-windows10.0.19041/win-x86": {
      "Microsoft.WindowsAppSDK": {
        "type": "Direct",
        "requested": "[1.7.250401001, )",
        "resolved": "1.7.250401001",
        "contentHash": "kPsJ2LZoo3Xs/6FtIWMZRGnQ2ZMx9zDa0ZpqRGz1qwZr0gwwlXZJTmngaA1Ym2AHmIa05NtX2jEE2He8CzfhTg==",
        "dependencies": {
          "Microsoft.Web.WebView2": "1.0.2903.40",
          "Microsoft.Windows.SDK.BuildTools": "10.0.22621.756"
        }
      },
      "Microsoft.Web.WebView2": {
        "type": "Transitive",
        "resolved": "1.0.2903.40",
        "contentHash": "THrzYAnJgE3+cNH+9Epr44XjoZoRELdVpXlWGPs6K9C9G6TqyDfVCeVAR/Er8ljLitIUX5gaSkPsy9wRhD1sgQ=="
      }
    }
  }
}